
Microsoft Visual Studio Solution File, Format Version 12.00
# Visual Studio Version 17
VisualStudioVersion = 17.5.33414.496
MinimumVisualStudioVersion = 10.0.40219.1
Project("{FAE04EC0-301F-11D3-BF4B-00C04F79EFBC}") = "AutoFact", "AutoFact\AutoFact.csproj", "{EFA1FB9F-81AA-4236-9545-3BF01F447E65}"
EndProject
Project("{54435603-DBB4-11D2-8724-00A0C9A8B90C}") = "AutoFact_setup", "AutoFact_setup\AutoFact_setup.vdproj", "{BAFD3DB1-516F-4DED-8FCB-BFD52A9DEB18}"
EndProject
Global
	GlobalSection(SolutionConfigurationPlatforms) = preSolution
		Debug|Any CPU = Debug|Any CPU
		Release|Any CPU = Release|Any CPU
	EndGlobalSection
	GlobalSection(ProjectConfigurationPlatforms) = postSolution
		{EFA1FB9F-81AA-4236-9545-3BF01F447E65}.Debug|Any CPU.ActiveCfg = Debug|Any CPU
		{EFA1FB9F-81AA-4236-9545-3BF01F447E65}.Debug|Any CPU.Build.0 = Debug|Any CPU
		{EFA1FB9F-81AA-4236-9545-3BF01F447E65}.Release|Any CPU.ActiveCfg = Release|Any CPU
		{EFA1FB9F-81AA-4236-9545-3BF01F447E65}.Release|Any CPU.Build.0 = Release|Any CPU
		{BAFD3DB1-516F-4DED-8FCB-BFD52A9DEB18}.Debug|Any CPU.ActiveCfg = Debug
		{BAFD3DB1-516F-4DED-8FCB-BFD52A9DEB18}.Release|Any CPU.ActiveCfg = Release
	EndGlobalSection
	GlobalSection(SolutionProperties) = preSolution
		HideSolutionNode = FALSE
	EndGlobalSection
	GlobalSection(ExtensibilityGlobals) = postSolution
		SolutionGuid = {ED9302D1-0C62-4AE9-A990-E2029DF2524F}
	EndGlobalSection
EndGlobal
